
Microsoft Visual Studio Solution File, Format Version 12.00
# Visual Studio Version 16
VisualStudioVersion = 16.0.32602.291
MinimumVisualStudioVersion = 10.0.40219.1
Project("{FAE04EC0-301F-11D3-BF4B-00C04F79EFBC}") = "SingleResponsibility", "SingleResponsibility\SingleResponsibility.csproj", "{E79DC2B6-CA43-40E7-A2A5-E1B146F371E1}"
EndProject
Global
	GlobalSection(SolutionConfigurationPlatforms) = preSolution
		Debug|Any CPU = Debug|Any CPU
		Release|Any CPU = Release|Any CPU
	EndGlobalSection
	GlobalSection(ProjectConfigurationPlatforms) = postSolution
		{E79DC2B6-CA43-40E7-A2A5-E1B146F371E1}.Debug|Any CPU.ActiveCfg = Debug|Any CPU
		{E79DC2B6-CA43-40E7-A2A5-E1B146F371E1}.Debug|Any CPU.Build.0 = Debug|Any CPU
		{E79DC2B6-CA43-40E7-A2A5-E1B146F371E1}.Release|Any CPU.ActiveCfg = Release|Any CPU
		{E79DC2B6-CA43-40E7-A2A5-E1B146F371E1}.Release|Any CPU.Build.0 = Release|Any CPU
	EndGlobalSection
	GlobalSection(SolutionProperties) = preSolution
		HideSolutionNode = FALSE
	EndGlobalSection
	GlobalSection(ExtensibilityGlobals) = postSolution
		SolutionGuid = {7BD218D5-7F78-4EF8-AF38-59305809C3C5}
	EndGlobalSection
EndGlobal
